
Microsoft Visual Studio Solution File, Format Version 12.00
# Visual Studio Version 16
VisualStudioVersion = 16.0.31129.286
MinimumVisualStudioVersion = 10.0.40219.1
Project("{9A19103F-16F7-4668-BE54-9A1E7A4F7556}") = "Clean.Domain", "Clean.Domain\Clean.Domain.csproj", "{6AAD9144-2C11-43D2-8098-0CB9F0D987B2}"
EndProject
Project("{9A19103F-16F7-4668-BE54-9A1E7A4F7556}") = "Clean.Application", "Clean.Application\Clean.Application.csproj", "{C01E8DB5-D49B-4EA4-ABFD-311ACC0AEBCF}"
EndProject
Project("{9A19103F-16F7-4668-BE54-9A1E7A4F7556}") = "Clean.Infrastructure.Data", "Clean.Infrastructure.Data\Clean.Infrastructure.Data.csproj", "{5C7DA706-BEBB-47C3-94C1-CFFDCD7A48CF}"
EndProject
Project("{9A19103F-16F7-4668-BE54-9A1E7A4F7556}") = "Clean.Infrastructure.IoC", "Clean.Infrastructure.IoC\Clean.Infrastructure.IoC.csproj", "{FD16EDA8-1A07-459F-81F4-4D6C04E4E87E}"
EndProject
Project("{9A19103F-16F7-4668-BE54-9A1E7A4F7556}") = "Clean.API", "Clean.API\Clean.API.csproj", "{22313E22-FFAB-4368-B7B1-A5EE7F26651D}"
EndProject
Project("{2150E333-8FDC-42A3-9474-1A3956D46DE8}") = "src", "src", "{F4CAE563-D2AA-48AF-8568-2794097E270D}"
EndProject
Project("{2150E333-8FDC-42A3-9474-1A3956D46DE8}") = "tests", "tests", "{915BEC14-94D9-4E5D-9B72-A7403C843C50}"
EndProject
Project("{FAE04EC0-301F-11D3-BF4B-00C04F79EFBC}") = "Clean.Tests.Integration", "Clean.Tests.Integration\Clean.Tests.Integration.csproj", "{BE0A3E35-C7CF-42B3-875C-DFD70E55C760}"
EndProject
Global
	GlobalSection(SolutionConfigurationPlatforms) = preSolution
		Debug|Any CPU = Debug|Any CPU
		Release|Any CPU = Release|Any CPU
	EndGlobalSection
	GlobalSection(ProjectConfigurationPlatforms) = postSolution
		{6AAD9144-2C11-43D2-8098-0CB9F0D987B2}.Debug|Any CPU.ActiveCfg = Debug|Any CPU
		{6AAD9144-2C11-43D2-8098-0CB9F0D987B2}.Debug|Any CPU.Build.0 = Debug|Any CPU
		{6AAD9144-2C11-43D2-8098-0CB9F0D987B2}.Release|Any CPU.ActiveCfg = Release|Any CPU
		{6AAD9144-2C11-43D2-8098-0CB9F0D987B2}.Release|Any CPU.Build.0 = Release|Any CPU
		{C01E8DB5-D49B-4EA4-ABFD-311ACC0AEBCF}.Debug|Any CPU.ActiveCfg = Debug|Any CPU
		{C01E8DB5-D49B-4EA4-ABFD-311ACC0AEBCF}.Debug|Any CPU.Build.0 = Debug|Any CPU
		{C01E8DB5-D49B-4EA4-ABFD-311ACC0AEBCF}.Release|Any CPU.ActiveCfg = Release|Any CPU
		{C01E8DB5-D49B-4EA4-ABFD-311ACC0AEBCF}.Release|Any CPU.Build.0 = Release|Any CPU
		{5C7DA706-BEBB-47C3-94C1-CFFDCD7A48CF}.Debug|Any CPU.ActiveCfg = Debug|Any CPU
		{5C7DA706-BEBB-47C3-94C1-CFFDCD7A48CF}.Debug|Any CPU.Build.0 = Debug|Any CPU
		{5C7DA706-BEBB-47C3-94C1-CFFDCD7A48CF}.Release|Any CPU.ActiveCfg = Release|Any CPU
		{5C7DA706-BEBB-47C3-94C1-CFFDCD7A48CF}.Release|Any CPU.Build.0 = Release|Any CPU
		{FD16EDA8-1A07-459F-81F4-4D6C04E4E87E}.Debug|Any CPU.ActiveCfg = Debug|Any CPU
		{FD16EDA8-1A07-459F-81F4-4D6C04E4E87E}.Debug|Any CPU.Build.0 = Debug|Any CPU
		{FD16EDA8-1A07-459F-81F4-4D6C04E4E87E}.Release|Any CPU.ActiveCfg = Release|Any CPU
		{FD16EDA8-1A07-459F-81F4-4D6C04E4E87E}.Release|Any CPU.Build.0 = Release|Any CPU
		{22313E22-FFAB-4368-B7B1-A5EE7F26651D}.Debug|Any CPU.ActiveCfg = Debug|Any CPU
		{22313E22-FFAB-4368-B7B1-A5EE7F26651D}.Debug|Any CPU.Build.0 = Debug|Any CPU
		{22313E22-FFAB-4368-B7B1-A5EE7F26651D}.Release|Any CPU.ActiveCfg = Release|Any CPU
		{22313E22-FFAB-4368-B7B1-A5EE7F26651D}.Release|Any CPU.Build.0 = Release|Any CPU
		{BE0A3E35-C7CF-42B3-875C-DFD70E55C760}.Debug|Any CPU.ActiveCfg = Debug|Any CPU
		{BE0A3E35-C7CF-42B3-875C-DFD70E55C760}.Debug|Any CPU.Build.0 = Debug|Any CPU
		{BE0A3E35-C7CF-42B3-875C-DFD70E55C760}.Release|Any CPU.ActiveCfg = Release|Any CPU
		{BE0A3E35-C7CF-42B3-875C-DFD70E55C760}.Release|Any CPU.Build.0 = Release|Any CPU
	EndGlobalSection
	GlobalSection(SolutionProperties) = preSolution
		HideSolutionNode = FALSE
	EndGlobalSection
	GlobalSection(NestedProjects) = preSolution
		{6AAD9144-2C11-43D2-8098-0CB9F0D987B2} = {F4CAE563-D2AA-48AF-8568-2794097E270D}
		{C01E8DB5-D49B-4EA4-ABFD-311ACC0AEBCF} = {F4CAE563-D2AA-48AF-8568-2794097E270D}
		{5C7DA706-BEBB-47C3-94C1-CFFDCD7A48CF} = {F4CAE563-D2AA-48AF-8568-2794097E270D}
		{FD16EDA8-1A07-459F-81F4-4D6C04E4E87E} = {F4CAE563-D2AA-48AF-8568-2794097E270D}
		{22313E22-FFAB-4368-B7B1-A5EE7F26651D} = {F4CAE563-D2AA-48AF-8568-2794097E270D}
		{BE0A3E35-C7CF-42B3-875C-DFD70E55C760} = {915BEC14-94D9-4E5D-9B72-A7403C843C50}
	EndGlobalSection
	GlobalSection(ExtensibilityGlobals) = postSolution
		SolutionGuid = {88032D38-1038-4F10-8AD6-AC73E5CC0277}
	EndGlobalSection
EndGlobal
